
Microsoft Visual Studio Solution File, Format Version 9.00
# Visual Studio 2005
Project("{F184B08F-C81C-45F6-A57F-5ABD9991F28F}") = "SimpleGrabApplication", "SimpleGrabApplication.vbproj", "{7A617711-396A-4EFF-8704-E43E571E5E67}"
EndProject
Global
	GlobalSection(SolutionConfigurationPlatforms) = preSolution
		Debug|Any CPU = Debug|Any CPU
		Release|Any CPU = Release|Any CPU
	EndGlobalSection
	GlobalSection(ProjectConfigurationPlatforms) = postSolution
		{7A617711-396A-4EFF-8704-E43E571E5E67}.Debug|Any CPU.ActiveCfg = Debug|Any CPU
		{7A617711-396A-4EFF-8704-E43E571E5E67}.Debug|Any CPU.Build.0 = Debug|Any CPU
		{7A617711-396A-4EFF-8704-E43E571E5E67}.Release|Any CPU.ActiveCfg = Release|Any CPU
		{7A617711-396A-4EFF-8704-E43E571E5E67}.Release|Any CPU.Build.0 = Release|Any CPU
	EndGlobalSection
	GlobalSection(SolutionProperties) = preSolution
		HideSolutionNode = FALSE
	EndGlobalSection
EndGlobal
