
Microsoft Visual Studio Solution File, Format Version 9.00
# Visual Studio 2005
Project("{FAE04EC0-301F-11D3-BF4B-00C04F79EFBC}") = "MeasureMain", "MeasureMain.csproj", "{031D3A45-0317-4ABD-B9F6-605B3AA4557F}"
	ProjectSection(ProjectDependencies) = postProject
		{A5B3B77C-7F30-4109-8EF6-8CE30DD1317E} = {A5B3B77C-7F30-4109-8EF6-8CE30DD1317E}
		{C4F5C5DE-7EA8-47FE-8218-48138F48965F} = {C4F5C5DE-7EA8-47FE-8218-48138F48965F}
	EndProjectSection
EndProject
Project("{FAE04EC0-301F-11D3-BF4B-00C04F79EFBC}") = "ViewROI", "..\..\..\base\ViewROI\vs2005\ViewROI.csproj", "{C4F5C5DE-7EA8-47FE-8218-48138F48965F}"
EndProject
Project("{FAE04EC0-301F-11D3-BF4B-00C04F79EFBC}") = "MeasureModule", "..\..\..\assistants\Measure\vs2005\MeasureModule.csproj", "{A5B3B77C-7F30-4109-8EF6-8CE30DD1317E}"
EndProject
Global
	GlobalSection(SolutionConfigurationPlatforms) = preSolution
		Debug|Any CPU = Debug|Any CPU
		Release|Any CPU = Release|Any CPU
	EndGlobalSection
	GlobalSection(ProjectConfigurationPlatforms) = postSolution
		{031D3A45-0317-4ABD-B9F6-605B3AA4557F}.Debug|Any CPU.ActiveCfg = Debug|Any CPU
		{031D3A45-0317-4ABD-B9F6-605B3AA4557F}.Debug|Any CPU.Build.0 = Debug|Any CPU
		{031D3A45-0317-4ABD-B9F6-605B3AA4557F}.Release|Any CPU.ActiveCfg = Release|Any CPU
		{031D3A45-0317-4ABD-B9F6-605B3AA4557F}.Release|Any CPU.Build.0 = Release|Any CPU
		{C4F5C5DE-7EA8-47FE-8218-48138F48965F}.Debug|Any CPU.ActiveCfg = Debug|Any CPU
		{C4F5C5DE-7EA8-47FE-8218-48138F48965F}.Debug|Any CPU.Build.0 = Debug|Any CPU
		{C4F5C5DE-7EA8-47FE-8218-48138F48965F}.Release|Any CPU.ActiveCfg = Release|Any CPU
		{C4F5C5DE-7EA8-47FE-8218-48138F48965F}.Release|Any CPU.Build.0 = Release|Any CPU
		{A5B3B77C-7F30-4109-8EF6-8CE30DD1317E}.Debug|Any CPU.ActiveCfg = Debug|Any CPU
		{A5B3B77C-7F30-4109-8EF6-8CE30DD1317E}.Debug|Any CPU.Build.0 = Debug|Any CPU
		{A5B3B77C-7F30-4109-8EF6-8CE30DD1317E}.Release|Any CPU.ActiveCfg = Release|Any CPU
		{A5B3B77C-7F30-4109-8EF6-8CE30DD1317E}.Release|Any CPU.Build.0 = Release|Any CPU
	EndGlobalSection
	GlobalSection(SolutionProperties) = preSolution
		HideSolutionNode = FALSE
	EndGlobalSection
EndGlobal
